
Microsoft Visual Studio Solution File, Format Version 12.00
# Visual Studio Version 17
VisualStudioVersion = 17.1.32228.430
MinimumVisualStudioVersion = 10.0.40219.1
Project("{8BC9CEB8-8B4A-11D0-8D11-00A0C91BC942}") = "l5", "a\l5.vcxproj", "{30FEF26C-AF49-4312-93F7-FB8E393DE420}"
EndProject
Project("{8BC9CEB8-8B4A-11D0-8D11-00A0C91BC942}") = "libu", "u\libu.vcxproj", "{0DB62C03-918B-46D5-AC95-208F3AD6A2E5}"
EndProject
Project("{8BC9CEB8-8B4A-11D0-8D11-00A0C91BC942}") = "libv", "v\libv.vcxproj", "{8E11928C-5D23-4E74-A1E3-6861881C35A4}"
EndProject
Project("{8BC9CEB8-8B4A-11D0-8D11-00A0C91BC942}") = "libl5", "l\libl5.vcxproj", "{82CD34BD-824A-4FC1-8EB7-D07F00BEC3E5}"
EndProject
Project("{8BC9CEB8-8B4A-11D0-8D11-00A0C91BC942}") = "jzp", "jzp.vcxproj", "{383ACD76-5398-4FA6-9897-96187F44067F}"
EndProject
Project("{8BC9CEB8-8B4A-11D0-8D11-00A0C91BC942}") = "libi", "i\libi.vcxproj", "{2AF8D126-0403-4FD4-8707-70CA0B56ACE0}"
EndProject
Project("{8BC9CEB8-8B4A-11D0-8D11-00A0C91BC942}") = "n", "n\n.vcxproj", "{8495A4BE-6322-4EE9-ABF4-B89E4637BD6E}"
EndProject
Project("{8BC9CEB8-8B4A-11D0-8D11-00A0C91BC942}") = "libl3", "l\libl3.vcxproj", "{F986B533-8E5F-4859-9FF8-668D254C3533}"
EndProject
Project("{8BC9CEB8-8B4A-11D0-8D11-00A0C91BC942}") = "liblm", "l\liblm.vcxproj", "{4AE68BFC-BA9C-4D95-9687-874B6DB5DD63}"
EndProject
Project("{8BC9CEB8-8B4A-11D0-8D11-00A0C91BC942}") = "l3", "a\l3.vcxproj", "{535ADB77-44D9-4A0B-B1FE-BD6EA1F0751E}"
EndProject
Global
	GlobalSection(SolutionConfigurationPlatforms) = preSolution
		Debug|x64 = Debug|x64
		Debug|x86 = Debug|x86
		Release|x64 = Release|x64
		Release|x86 = Release|x86
	EndGlobalSection
	GlobalSection(ProjectConfigurationPlatforms) = postSolution
		{30FEF26C-AF49-4312-93F7-FB8E393DE420}.Debug|x64.ActiveCfg = Debug|x64
		{30FEF26C-AF49-4312-93F7-FB8E393DE420}.Debug|x64.Build.0 = Debug|x64
		{30FEF26C-AF49-4312-93F7-FB8E393DE420}.Debug|x86.ActiveCfg = Debug|Win32
		{30FEF26C-AF49-4312-93F7-FB8E393DE420}.Debug|x86.Build.0 = Debug|Win32
		{30FEF26C-AF49-4312-93F7-FB8E393DE420}.Release|x64.ActiveCfg = Release|x64
		{30FEF26C-AF49-4312-93F7-FB8E393DE420}.Release|x64.Build.0 = Release|x64
		{30FEF26C-AF49-4312-93F7-FB8E393DE420}.Release|x86.ActiveCfg = Release|Win32
		{30FEF26C-AF49-4312-93F7-FB8E393DE420}.Release|x86.Build.0 = Release|Win32
		{0DB62C03-918B-46D5-AC95-208F3AD6A2E5}.Debug|x64.ActiveCfg = Debug|x64
		{0DB62C03-918B-46D5-AC95-208F3AD6A2E5}.Debug|x64.Build.0 = Debug|x64
		{0DB62C03-918B-46D5-AC95-208F3AD6A2E5}.Debug|x86.ActiveCfg = Debug|Win32
		{0DB62C03-918B-46D5-AC95-208F3AD6A2E5}.Debug|x86.Build.0 = Debug|Win32
		{0DB62C03-918B-46D5-AC95-208F3AD6A2E5}.Release|x64.ActiveCfg = Release|x64
		{0DB62C03-918B-46D5-AC95-208F3AD6A2E5}.Release|x64.Build.0 = Release|x64
		{0DB62C03-918B-46D5-AC95-208F3AD6A2E5}.Release|x86.ActiveCfg = Release|Win32
		{0DB62C03-918B-46D5-AC95-208F3AD6A2E5}.Release|x86.Build.0 = Release|Win32
		{8E11928C-5D23-4E74-A1E3-6861881C35A4}.Debug|x64.ActiveCfg = Debug|x64
		{8E11928C-5D23-4E74-A1E3-6861881C35A4}.Debug|x64.Build.0 = Debug|x64
		{8E11928C-5D23-4E74-A1E3-6861881C35A4}.Debug|x86.ActiveCfg = Debug|Win32
		{8E11928C-5D23-4E74-A1E3-6861881C35A4}.Debug|x86.Build.0 = Debug|Win32
		{8E11928C-5D23-4E74-A1E3-6861881C35A4}.Release|x64.ActiveCfg = Release|x64
		{8E11928C-5D23-4E74-A1E3-6861881C35A4}.Release|x64.Build.0 = Release|x64
		{8E11928C-5D23-4E74-A1E3-6861881C35A4}.Release|x86.ActiveCfg = Release|Win32
		{8E11928C-5D23-4E74-A1E3-6861881C35A4}.Release|x86.Build.0 = Release|Win32
		{82CD34BD-824A-4FC1-8EB7-D07F00BEC3E5}.Debug|x64.ActiveCfg = Debug|x64
		{82CD34BD-824A-4FC1-8EB7-D07F00BEC3E5}.Debug|x64.Build.0 = Debug|x64
		{82CD34BD-824A-4FC1-8EB7-D07F00BEC3E5}.Debug|x86.ActiveCfg = Debug|Win32
		{82CD34BD-824A-4FC1-8EB7-D07F00BEC3E5}.Debug|x86.Build.0 = Debug|Win32
		{82CD34BD-824A-4FC1-8EB7-D07F00BEC3E5}.Release|x64.ActiveCfg = Release|x64
		{82CD34BD-824A-4FC1-8EB7-D07F00BEC3E5}.Release|x64.Build.0 = Release|x64
		{82CD34BD-824A-4FC1-8EB7-D07F00BEC3E5}.Release|x86.ActiveCfg = Release|Win32
		{82CD34BD-824A-4FC1-8EB7-D07F00BEC3E5}.Release|x86.Build.0 = Release|Win32
		{383ACD76-5398-4FA6-9897-96187F44067F}.Debug|x64.ActiveCfg = Debug|x64
		{383ACD76-5398-4FA6-9897-96187F44067F}.Debug|x64.Build.0 = Debug|x64
		{383ACD76-5398-4FA6-9897-96187F44067F}.Debug|x86.ActiveCfg = Debug|Win32
		{383ACD76-5398-4FA6-9897-96187F44067F}.Debug|x86.Build.0 = Debug|Win32
		{383ACD76-5398-4FA6-9897-96187F44067F}.Release|x64.ActiveCfg = Release|x64
		{383ACD76-5398-4FA6-9897-96187F44067F}.Release|x64.Build.0 = Release|x64
		{383ACD76-5398-4FA6-9897-96187F44067F}.Release|x86.ActiveCfg = Release|Win32
		{383ACD76-5398-4FA6-9897-96187F44067F}.Release|x86.Build.0 = Release|Win32
		{2AF8D126-0403-4FD4-8707-70CA0B56ACE0}.Debug|x64.ActiveCfg = Debug|x64
		{2AF8D126-0403-4FD4-8707-70CA0B56ACE0}.Debug|x64.Build.0 = Debug|x64
		{2AF8D126-0403-4FD4-8707-70CA0B56ACE0}.Debug|x86.ActiveCfg = Debug|Win32
		{2AF8D126-0403-4FD4-8707-70CA0B56ACE0}.Debug|x86.Build.0 = Debug|Win32
		{2AF8D126-0403-4FD4-8707-70CA0B56ACE0}.Release|x64.ActiveCfg = Release|x64
		{2AF8D126-0403-4FD4-8707-70CA0B56ACE0}.Release|x64.Build.0 = Release|x64
		{2AF8D126-0403-4FD4-8707-70CA0B56ACE0}.Release|x86.ActiveCfg = Release|Win32
		{2AF8D126-0403-4FD4-8707-70CA0B56ACE0}.Release|x86.Build.0 = Release|Win32
		{8495A4BE-6322-4EE9-ABF4-B89E4637BD6E}.Debug|x64.ActiveCfg = Debug|x64
		{8495A4BE-6322-4EE9-ABF4-B89E4637BD6E}.Debug|x64.Build.0 = Debug|x64
		{8495A4BE-6322-4EE9-ABF4-B89E4637BD6E}.Debug|x86.ActiveCfg = Debug|Win32
		{8495A4BE-6322-4EE9-ABF4-B89E4637BD6E}.Debug|x86.Build.0 = Debug|Win32
		{8495A4BE-6322-4EE9-ABF4-B89E4637BD6E}.Release|x64.ActiveCfg = Release|x64
		{8495A4BE-6322-4EE9-ABF4-B89E4637BD6E}.Release|x64.Build.0 = Release|x64
		{8495A4BE-6322-4EE9-ABF4-B89E4637BD6E}.Release|x86.ActiveCfg = Release|Win32
		{8495A4BE-6322-4EE9-ABF4-B89E4637BD6E}.Release|x86.Build.0 = Release|Win32
		{F986B533-8E5F-4859-9FF8-668D254C3533}.Debug|x64.ActiveCfg = Debug|x64
		{F986B533-8E5F-4859-9FF8-668D254C3533}.Debug|x64.Build.0 = Debug|x64
		{F986B533-8E5F-4859-9FF8-668D254C3533}.Debug|x86.ActiveCfg = Debug|Win32
		{F986B533-8E5F-4859-9FF8-668D254C3533}.Debug|x86.Build.0 = Debug|Win32
		{F986B533-8E5F-4859-9FF8-668D254C3533}.Release|x64.ActiveCfg = Release|x64
		{F986B533-8E5F-4859-9FF8-668D254C3533}.Release|x64.Build.0 = Release|x64
		{F986B533-8E5F-4859-9FF8-668D254C3533}.Release|x86.ActiveCfg = Release|Win32
		{F986B533-8E5F-4859-9FF8-668D254C3533}.Release|x86.Build.0 = Release|Win32
		{4AE68BFC-BA9C-4D95-9687-874B6DB5DD63}.Debug|x64.ActiveCfg = Debug|x64
		{4AE68BFC-BA9C-4D95-9687-874B6DB5DD63}.Debug|x64.Build.0 = Debug|x64
		{4AE68BFC-BA9C-4D95-9687-874B6DB5DD63}.Debug|x86.ActiveCfg = Debug|Win32
		{4AE68BFC-BA9C-4D95-9687-874B6DB5DD63}.Debug|x86.Build.0 = Debug|Win32
		{4AE68BFC-BA9C-4D95-9687-874B6DB5DD63}.Release|x64.ActiveCfg = Release|x64
		{4AE68BFC-BA9C-4D95-9687-874B6DB5DD63}.Release|x64.Build.0 = Release|x64
		{4AE68BFC-BA9C-4D95-9687-874B6DB5DD63}.Release|x86.ActiveCfg = Release|Win32
		{4AE68BFC-BA9C-4D95-9687-874B6DB5DD63}.Release|x86.Build.0 = Release|Win32
		{535ADB77-44D9-4A0B-B1FE-BD6EA1F0751E}.Debug|x64.ActiveCfg = Debug|x64
		{535ADB77-44D9-4A0B-B1FE-BD6EA1F0751E}.Debug|x64.Build.0 = Debug|x64
		{535ADB77-44D9-4A0B-B1FE-BD6EA1F0751E}.Debug|x86.ActiveCfg = Debug|Win32
		{535ADB77-44D9-4A0B-B1FE-BD6EA1F0751E}.Debug|x86.Build.0 = Debug|Win32
		{535ADB77-44D9-4A0B-B1FE-BD6EA1F0751E}.Release|x64.ActiveCfg = Release|x64
		{535ADB77-44D9-4A0B-B1FE-BD6EA1F0751E}.Release|x64.Build.0 = Release|x64
		{535ADB77-44D9-4A0B-B1FE-BD6EA1F0751E}.Release|x86.ActiveCfg = Release|Win32
		{535ADB77-44D9-4A0B-B1FE-BD6EA1F0751E}.Release|x86.Build.0 = Release|Win32
	EndGlobalSection
	GlobalSection(SolutionProperties) = preSolution
		HideSolutionNode = FALSE
	EndGlobalSection
	GlobalSection(ExtensibilityGlobals) = postSolution
		SolutionGuid = {928A2CF3-8D9C-49FF-83BA-6AF8106CC008}
	EndGlobalSection
EndGlobal
